// !$*UTF8*$!
{
	archiveVersion = 1;
	classes = {
	};
	objectVersion = 46;
	objects = {

/* Begin PBXBuildFile section */
		57E1ACDD1DF552F30095D6C0 /* AppDelegate.swift in Sources */ = {isa = PBXBuildFile; fileRef = 57E1ACDC1DF552F30095D6C0 /* AppDelegate.swift */; };
		57E1ACDF1DF552F30095D6C0 /* ViewController.swift in Sources */ = {isa = PBXBuildFile; fileRef = 57E1ACDE1DF552F30095D6C0 /* ViewController.swift */; };
		57E1ACE21DF552F30095D6C0 /* Main.storyboard in Resources */ = {isa = PBXBuildFile; fileRef = 57E1ACE01DF552F30095D6C0 /* Main.storyboard */; };
		57E1ACE51DF552F30095D6C0 /* QRCodeGen.xcdatamodeld in Sources */ = {isa = PBXBuildFile; fileRef = 57E1ACE31DF552F30095D6C0 /* QRCodeGen.xcdatamodeld */; };
		57E1ACE71DF552F30095D6C0 /* Assets.xcassets in Resources */ = {isa = PBXBuildFile; fileRef = 57E1ACE61DF552F30095D6C0 /* Assets.xcassets */; };
		57E1ACEA1DF552F30095D6C0 /* LaunchScreen.storyboard in Resources */ = {isa = PBXBuildFile; fileRef = 57E1ACE81DF552F30095D6C0 /* LaunchScreen.storyboard */; };
/* End PBXBuildFile section */

/* Begin PBXFileReference section */
		57E1ACD91DF552F30095D6C0 /* QRCodeGen.app */ = {isa = PBXFileReference; explicitFileType = wrapper.application; includeInIndex = 0; path = QRCodeGen.app; sourceTree = BUILT_PRODUCTS_DIR; };
		57E1ACDC1DF552F30095D6C0 /* AppDelegate.swift */ = {isa = PBXFileReference; lastKnownFileType = sourcecode.swift; path = AppDelegate.swift; sourceTree = "<group>"; };
		57E1ACDE1DF552F30095D6C0 /* ViewController.swift */ = {isa = PBXFileReference; lastKnownFileType = sourcecode.swift; path = ViewController.swift; sourceTree = "<group>"; };
		57E1ACE11DF552F30095D6C0 /* Base */ = {isa = PBXFileReference; lastKnownFileType = file.storyboard; name = Base; path = Base.lproj/Main.storyboard; sourceTree = "<group>"; };
		57E1ACE41DF552F30095D6C0 /* QRCodeGen.xcdatamodel */ = {isa = PBXFileReference; lastKnownFileType = wrapper.xcdatamodel; path = QRCodeGen.xcdatamodel; sourceTree = "<group>"; };
		57E1ACE61DF552F30095D6C0 /* Assets.xcassets */ = {isa = PBXFileReference; lastKnownFileType = folder.assetcatalog; path = Assets.xcassets; sourceTree = "<group>"; };
		57E1ACE91DF552F30095D6C0 /* Base */ = {isa = PBXFileReference; lastKnownFileType = file.storyboard; name = Base; path = Base.lproj/LaunchScreen.storyboard; sourceTree = "<group>"; };
		57E1ACEB1DF552F30095D6C0 /* Info.plist */ = {isa = PBXFileReference; lastKnownFileType = text.plist.xml; path = Info.plist; sourceTree = "<group>"; };
/* End PBXFileReference section */

/* Begin PBXFrameworksBuildPhase section */
		57E1ACD61DF552F30095D6C0 /* Frameworks */ = {
			isa = PBXFrameworksBuildPhase;
			buildActionMask = 2147483647;
			files = (
			);
			runOnlyForDeploymentPostprocessing = 0;
		};
/* End PBXFrameworksBuildPhase section */

/* Begin PBXGroup section */
		57E1ACD01DF552F30095D6C0 = {
			isa = PBXGroup;
			children = (
				57E1ACDB1DF552F30095D6C0 /* QRCodeGen */,
				57E1ACDA1DF552F30095D6C0 /* Products */,
			);
			sourceTree = "<group>";
		};
		57E1ACDA1DF552F30095D6C0 /* Products */ = {
			isa = PBXGroup;
			children = (
				57E1ACD91DF552F30095D6C0 /* QRCodeGen.app */,
			);
			name = Products;
			sourceTree = "<group>";
		};
		57E1ACDB1DF552F30095D6C0 /* QRCodeGen */ = {
			isa = PBXGroup;
			children = (
				57E1ACDC1DF552F30095D6C0 /* AppDelegate.swift */,
				57E1ACDE1DF552F30095D6C0 /* ViewController.swift */,
				57E1ACE01DF552F30095D6C0 /* Main.storyboard */,
				57E1ACE61DF552F30095D6C0 /* Assets.xcassets */,
				57E1ACE81DF552F30095D6C0 /* LaunchScreen.storyboard */,
				57E1ACEB1DF552F30095D6C0 /* Info.plist */,
				57E1ACE31DF552F30095D6C0 /* QRCodeGen.xcdatamodeld */,
			);
			path = QRCodeGen;
			sourceTree = "<group>";
		};
/* End PBXGroup section */

/* Begin PBXNativeTarget section */
		57E1ACD81DF552F30095D6C0 /* QRCodeGen */ = {
			isa = PBXNativeTarget;
			buildConfigurationList = 57E1ACEE1DF552F30095D6C0 /* Build configuration list for PBXNativeTarget "QRCodeGen" */;
			buildPhases = (
				57E1ACD51DF552F30095D6C0 /* Sources */,
				57E1ACD61DF552F30095D6C0 /* Frameworks */,
				57E1ACD71DF552F30095D6C0 /* Resources */,
			);
			buildRules = (
			);
			dependencies = (
			);
			name = QRCodeGen;
			productName = QRCodeGen;
			productReference = 57E1ACD91DF552F30095D6C0 /* QRCodeGen.app */;
			productType = "com.apple.product-type.application";
		};
/* End PBXNativeTarget section */

/* Begin PBXProject section */
		57E1ACD11DF552F30095D6C0 /* Project object */ = {
			isa = PBXProject;
			attributes = {
				LastSwiftUpdateCheck = 0810;
				LastUpgradeCheck = 0810;
				ORGANIZATIONNAME = cgua;
				TargetAttributes = {
					57E1ACD81DF552F30095D6C0 = {
						CreatedOnToolsVersion = 8.1;
						DevelopmentTeam = 4QX528523R;
						ProvisioningStyle = Automatic;
					};
				};
			};
			buildConfigurationList = 57E1ACD41DF552F30095D6C0 /* Build configuration list for PBXProject "QRCodeGen" */;
			compatibilityVersion = "Xcode 3.2";
			developmentRegion = English;
			hasScannedForEncodings = 0;
			knownRegions = (
				en,
				Base,
			);
			mainGroup = 57E1ACD01DF552F30095D6C0;
			productRefGroup = 57E1ACDA1DF552F30095D6C0 /* Products */;
			projectDirPath = "";
			projectRoot = "";
			targets = (
				57E1ACD81DF552F30095D6C0 /* QRCodeGen */,
			);
		};
/* End PBXProject section */

/* Begin PBXResourcesBuildPhase section */
		57E1ACD71DF552F30095D6C0 /* Resources */ = {
			isa = PBXResourcesBuildPhase;
			buildActionMask = 2147483647;
			files = (
				57E1ACEA1DF552F30095D6C0 /* LaunchScreen.storyboard in Resources */,
				57E1ACE71DF552F30095D6C0 /* Assets.xcassets in Resources */,
				57E1ACE21DF552F30095D6C0 /* Main.storyboard in Resources */,
			);
			runOnlyForDeploymentPostprocessing = 0;
		};
/* End PBXResourcesBuildPhase section */

/* Begin PBXSourcesBuildPhase section */
		57E1ACD51DF552F30095D6C0 /* Sources */ = {
			isa = PBXSourcesBuildPhase;
			buildActionMask = 2147483647;
			files = (
				57E1ACDF1DF552F30095D6C0 /* ViewController.swift in Sources */,
				57E1ACDD1DF552F30095D6C0 /* AppDelegate.swift in Sources */,
				57E1ACE51DF552F30095D6C0 /* QRCodeGen.xcdatamodeld in Sources */,
			);
			runOnlyForDeploymentPostprocessing = 0;
		};
/* End PBXSourcesBuildPhase section */

/* Begin PBXVariantGroup section */
		57E1ACE01DF552F30095D6C0 /* Main.storyboard */ = {
			isa = PBXVariantGroup;
			children = (
				57E1ACE11DF552F30095D6C0 /* Base */,
			);
			name = Main.storyboard;
			sourceTree = "<group>";
		};
		57E1ACE81DF552F30095D6C0 /* LaunchScreen.storyboard */ = {
			isa = PBXVariantGroup;
			children = (
				57E1ACE91DF552F30095D6C0 /* Base */,
			);
			name = LaunchScreen.storyboard;
			sourceTree = "<group>";
		};
/* End PBXVariantGroup section */

/* Begin XCBuildConfiguration section */
		57E1ACEC1DF552F30095D6C0 /* Debug */ = {
			isa = XCBuildConfiguration;
			buildSettings = {
				ALWAYS_SEARCH_USER_PATHS = NO;
				CLANG_ANALYZER_NONNULL = YES;
				CLANG_CXX_LANGUAGE_STANDARD = "gnu++0x";
				CLANG_CXX_LIBRARY = "libc++";
				CLANG_ENABLE_MODULES = YES;
				CLANG_ENABLE_OBJC_ARC = YES;
				CLANG_WARN_BOOL_CONVERSION = YES;
				CLANG_WARN_CONSTANT_CONVERSION = YES;
				CLANG_WARN_DIRECT_OBJC_ISA_USAGE = YES_ERROR;
				CLANG_WARN_DOCUMENTATION_COMMENTS = YES;
				CLANG_WARN_EMPTY_BODY = YES;
				CLANG_WARN_ENUM_CONVERSION = YES;
				CLANG_WARN_INFINITE_RECURSION = YES;
				CLANG_WARN_INT_CONVERSION = YES;
				CLANG_WARN_OBJC_ROOT_CLASS = YES_ERROR;
				CLANG_WARN_SUSPICIOUS_MOVES = YES;
				CLANG_WARN_UNREACHABLE_CODE = YES;
				CLANG_WARN__DUPLICATE_METHOD_MATCH = YES;
				"CODE_SIGN_IDENTITY[sdk=iphoneos*]" = "iPhone Developer";
				COPY_PHASE_STRIP = NO;
				DEBUG_INFORMATION_FORMAT = dwarf;
				ENABLE_STRICT_OBJC_MSGSEND = YES;
				ENABLE_TESTABILITY = YES;
				GCC_C_LANGUAGE_STANDARD = gnu99;
				GCC_DYNAMIC_NO_PIC = NO;
				GCC_NO_COMMON_BLOCKS = YES;
				GCC_OPTIMIZATION_LEVEL = 0;
				GCC_PREPROCESSOR_DEFINITIONS = (
					"DEBUG=1",
					"$(inherited)",
				);
				GCC_WARN_64_TO_32_BIT_CONVERSION = YES;
				GCC_WARN_ABOUT_RETURN_TYPE = YES_ERROR;
				GCC_WARN_UNDECLARED_SELECTOR = YES;
				GCC_WARN_UNINITIALIZED_AUTOS = YES_AGGRESSIVE;
				GCC_WARN_UNUSED_FUNCTION = YES;
				GCC_WARN_UNUSED_VARIABLE = YES;
				IPHONEOS_DEPLOYMENT_TARGET = 10.1;
				MTL_ENABLE_DEBUG_INFO = YES;
				ONLY_ACTIVE_ARCH = YES;
				SDKROOT = iphoneos;
				SWIFT_ACTIVE_COMPILATION_CONDITIONS = DEBUG;
				SWIFT_OPTIMIZATION_LEVEL = "-Onone";
			};
			name = Debug;
		};
		57E1ACED1DF552F30095D6C0 /* Release */ = {
			isa = XCBuildConfiguration;
			buildSettings = {
				ALWAYS_SEARCH_USER_PATHS = NO;
				CLANG_ANALYZER_NONNULL = YES;
				CLANG_CXX_LANGUAGE_STANDARD = "gnu++0x";
				CLANG_CXX_LIBRARY = "libc++";
				CLANG_ENABLE_MODULES = YES;
				CLANG_ENABLE_OBJC_ARC = YES;
				CLANG_WARN_BOOL_CONVERSION = YES;
				CLANG_WARN_CONSTANT_CONVERSION = YES;
				CLANG_WARN_DIRECT_OBJC_ISA_USAGE = YES_ERROR;
				CLANG_WARN_DOCUMENTATION_COMMENTS = YES;
				CLANG_WARN_EMPTY_BODY = YES;
				CLANG_WARN_ENUM_CONVERSION = YES;
				CLANG_WARN_INFINITE_RECURSION = YES;
				CLANG_WARN_INT_CONVERSION = YES;
				CLANG_WARN_OBJC_ROOT_CLASS = YES_ERROR;
				CLANG_WARN_SUSPICIOUS_MOVES = YES;
				CLANG_WARN_UNREACHABLE_CODE = YES;
				CLANG_WARN__DUPLICATE_METHOD_MATCH = YES;
				"CODE_SIGN_IDENTITY[sdk=iphoneos*]" = "iPhone Developer";
				COPY_PHASE_STRIP = NO;
				DEBUG_INFORMATION_FORMAT = "dwarf-with-dsym";
				ENABLE_NS_ASSERTIONS = NO;
				ENABLE_STRICT_OBJC_MSGSEND = YES;
				GCC_C_LANGUAGE_STANDARD = gnu99;
				GCC_NO_COMMON_BLOCKS = YES;
				GCC_WARN_64_TO_32_BIT_CONVERSION = YES;
				GCC_WARN_ABOUT_RETURN_TYPE = YES_ERROR;
				GCC_WARN_UNDECLARED_SELECTOR = YES;
				GCC_WARN_UNINITIALIZED_AUTOS = YES_AGGRESSIVE;
				GCC_WARN_UNUSED_FUNCTION = YES;
				GCC_WARN_UNUSED_VARIABLE = YES;
				IPHONEOS_DEPLOYMENT_TARGET = 10.1;
				MTL_ENABLE_DEBUG_INFO = NO;
				SDKROOT = iphoneos;
				SWIFT_OPTIMIZATION_LEVEL = "-Owholemodule";
				VALIDATE_PRODUCT = YES;
			};
			name = Release;
		};
		57E1ACEF1DF552F30095D6C0 /* Debug */ = {
			isa = XCBuildConfiguration;
			buildSettings = {
				ASSETCATALOG_COMPILER_APPICON_NAME = AppIcon;
				DEVELOPMENT_TEAM = 4QX528523R;
				INFOPLIST_FILE = QRCodeGen/Info.plist;
				LD_RUNPATH_SEARCH_PATHS = "$(inherited) @executable_path/Frameworks";
				PRODUCT_BUNDLE_IDENTIFIER = me.cgua.QRCodeGen;
				PRODUCT_NAME = "$(TARGET_NAME)";
				SWIFT_VERSION = 3.0;
			};
			name = Debug;
		};
		57E1ACF01DF552F30095D6C0 /* Release */ = {
			isa = XCBuildConfiguration;
			buildSettings = {
				ASSETCATALOG_COMPILER_APPICON_NAME = AppIcon;
				DEVELOPMENT_TEAM = 4QX528523R;
				INFOPLIST_FILE = QRCodeGen/Info.plist;
				LD_RUNPATH_SEARCH_PATHS = "$(inherited) @executable_path/Frameworks";
				PRODUCT_BUNDLE_IDENTIFIER = me.cgua.QRCodeGen;
				PRODUCT_NAME = "$(TARGET_NAME)";
				SWIFT_VERSION = 3.0;
			};
			name = Release;
		};
/* End XCBuildConfiguration section */

/* Begin XCConfigurationList section */
		57E1ACD41DF552F30095D6C0 /* Build configuration list for PBXProject "QRCodeGen" */ = {
			isa = XCConfigurationList;
			buildConfigurations = (
				57E1ACEC1DF552F30095D6C0 /* Debug */,
				57E1ACED1DF552F30095D6C0 /* Release */,
			);
			defaultConfigurationIsVisible = 0;
			defaultConfigurationName = Release;
		};
		57E1ACEE1DF552F30095D6C0 /* Build configuration list for PBXNativeTarget "QRCodeGen" */ = {
			isa = XCConfigurationList;
			buildConfigurations = (
				57E1ACEF1DF552F30095D6C0 /* Debug */,
				57E1ACF01DF552F30095D6C0 /* Release */,
			);
			defaultConfigurationIsVisible = 0;
		};
/* End XCConfigurationList section */

/* Begin XCVersionGroup section */
		57E1ACE31DF552F30095D6C0 /* QRCodeGen.xcdatamodeld */ = {
			isa = XCVersionGroup;
			children = (
				57E1ACE41DF552F30095D6C0 /* QRCodeGen.xcdatamodel */,
			);
			currentVersion = 57E1ACE41DF552F30095D6C0 /* QRCodeGen.xcdatamodel */;
			path = QRCodeGen.xcdatamodeld;
			sourceTree = "<group>";
			versionGroupType = wrapper.xcdatamodel;
		};
/* End XCVersionGroup section */
	};
	rootObject = 57E1ACD11DF552F30095D6C0 /* Project object */;
}
